
Microsoft Visual Studio Solution File, Format Version 12.00
# Visual Studio 15
VisualStudioVersion = 15.0.28307.572
MinimumVisualStudioVersion = 10.0.40219.1
Project("{FAE04EC0-301F-11D3-BF4B-00C04F79EFBC}") = "ThreadExample3", "ThreadExample3\ThreadExample3.csproj", "{07E4CB87-45B6-4F2B-ACA7-124C0A74FA16}"
EndProject
Global
	GlobalSection(SolutionConfigurationPlatforms) = preSolution
		Debug|Any CPU = Debug|Any CPU
		Release|Any CPU = Release|Any CPU
	EndGlobalSection
	GlobalSection(ProjectConfigurationPlatforms) = postSolution
		{07E4CB87-45B6-4F2B-ACA7-124C0A74FA16}.Debug|Any CPU.ActiveCfg = Debug|Any CPU
		{07E4CB87-45B6-4F2B-ACA7-124C0A74FA16}.Debug|Any CPU.Build.0 = Debug|Any CPU
		{07E4CB87-45B6-4F2B-ACA7-124C0A74FA16}.Release|Any CPU.ActiveCfg = Release|Any CPU
		{07E4CB87-45B6-4F2B-ACA7-124C0A74FA16}.Release|Any CPU.Build.0 = Release|Any CPU
	EndGlobalSection
	GlobalSection(SolutionProperties) = preSolution
		HideSolutionNode = FALSE
	EndGlobalSection
	GlobalSection(ExtensibilityGlobals) = postSolution
		SolutionGuid = {A02C734D-5D4F-48F9-A1A4-5DF0BD66B7A4}
	EndGlobalSection
EndGlobal
